
Microsoft Visual Studio Solution File, Format Version 12.00
# Visual Studio Version 17
VisualStudioVersion = 17.14.36518.9
MinimumVisualStudioVersion = 10.0.40219.1
Project("{2150E333-8FDC-42A3-9474-1A3956D46DE8}") = "Task0", "Task0", "{36D591C7-65C7-A0D1-1CBC-10CDE441BDC8}"
EndProject
Project("{FAE04EC0-301F-11D3-BF4B-00C04F79EFBC}") = "Tyuiu.BarabashMI.Sprint3.Task0.V11", "Tyuiu.BarabashMI.Sprint3.Task0.V11\Tyuiu.BarabashMI.Sprint3.Task0.V11.csproj", "{2976A3C7-79DF-4E90-864E-E833DF1406E4}"
EndProject
Project("{FAE04EC0-301F-11D3-BF4B-00C04F79EFBC}") = "Tyuiu.BarabashMI.Sprint3.Task0.V11.Lib", "Tyuiu.BarabashMI.Sprint3.Task0.V11.Lib\Tyuiu.BarabashMI.Sprint3.Task0.V11.Lib.csproj", "{F21E1402-25C8-4AB2-881C-F5AEC4DA32A6}"
EndProject
Project("{FAE04EC0-301F-11D3-BF4B-00C04F79EFBC}") = "Tyuiu.BarabashMI.Sprint3.Task0.V11.Test", "Tyuiu.BarabashMI.Sprint3.Task0.V11.Test\Tyuiu.BarabashMI.Sprint3.Task0.V11.Test.csproj", "{3B6C2224-044D-42C8-AEA9-467F25ED7C00}"
EndProject
Project("{2150E333-8FDC-42A3-9474-1A3956D46DE8}") = "Task1", "Task1", "{8FA52806-8C61-4F58-AEEF-5DFC4EC51235}"
EndProject
Project("{FAE04EC0-301F-11D3-BF4B-00C04F79EFBC}") = "Tyuiu.BarabashMI.Sprint3.Task1.V24", "Tyuiu.BarabashMI.Sprint3.Task1.V24\Tyuiu.BarabashMI.Sprint3.Task1.V24.csproj", "{60835608-85BB-414F-A458-203A474ED9B9}"
EndProject
Project("{FAE04EC0-301F-11D3-BF4B-00C04F79EFBC}") = "Tyuiu.BarabashMI.Sprint3.Task1.V24.Lib", "Tyuiu.BarabashMI.Sprint3.Task1.V24.Lib\Tyuiu.BarabashMI.Sprint3.Task1.V24.Lib.csproj", "{0622F0F8-854A-4F11-9FE5-6725D2D75F8D}"
EndProject
Project("{FAE04EC0-301F-11D3-BF4B-00C04F79EFBC}") = "Tyuiu.BarabashMI.Sprint3.Task1.V24.Test", "Tyuiu.BarabashMI.Sprint3.Task1.V24.Test\Tyuiu.BarabashMI.Sprint3.Task1.V24.Test.csproj", "{B7100480-F123-407C-9CA8-ABAE96C36606}"
EndProject
Project("{2150E333-8FDC-42A3-9474-1A3956D46DE8}") = "Task2", "Task2", "{7842CD36-C7C9-42E5-BC3A-1F0298453644}"
EndProject
Project("{FAE04EC0-301F-11D3-BF4B-00C04F79EFBC}") = "Tyuiu.BarabashMI.Sprint3.Task2.V15", "Tyuiu.BarabashMI.Sprint3.Task2.V15\Tyuiu.BarabashMI.Sprint3.Task2.V15.csproj", "{51599541-A378-407D-A2BE-E202DD9167BA}"
EndProject
Project("{FAE04EC0-301F-11D3-BF4B-00C04F79EFBC}") = "Tyuiu.BarabashMI.Sprint3.Task2.V15.Lib", "Tyuiu.BarabashMI.Sprint3.Task2.V15.Lib\Tyuiu.BarabashMI.Sprint3.Task2.V15.Lib.csproj", "{569E7A1D-4394-4B3C-82AA-8A3F6BED50A2}"
EndProject
Project("{FAE04EC0-301F-11D3-BF4B-00C04F79EFBC}") = "Tyuiu.BarabashMI.Sprint3.Task2.V15.Test", "Tyuiu.BarabashMI.Sprint3.Task2.V15.Test\Tyuiu.BarabashMI.Sprint3.Task2.V15.Test.csproj", "{25D5783D-0FC6-437A-AEBB-6F6FEDA9AF9E}"
EndProject
Project("{2150E333-8FDC-42A3-9474-1A3956D46DE8}") = "Task3", "Task3", "{8AB1EF6C-1A03-4B7C-AA88-00BFAAC676BD}"
EndProject
Project("{FAE04EC0-301F-11D3-BF4B-00C04F79EFBC}") = "Tyuiu.BarabashMI.Sprint3.Task3.V10", "Tyuiu.BarabashMI.Sprint3.Task3.V10\Tyuiu.BarabashMI.Sprint3.Task3.V10.csproj", "{BA6A2DB5-7E15-4461-B982-F34AF35E2509}"
EndProject
Project("{FAE04EC0-301F-11D3-BF4B-00C04F79EFBC}") = "Tyuiu.BarabashMI.Sprint3.Task3.V10.Lib", "Tyuiu.BarabashMI.Sprint3.Task3.V10.Lib\Tyuiu.BarabashMI.Sprint3.Task3.V10.Lib.csproj", "{BE572535-0BBE-4E59-AE27-3A5CB7F49FAA}"
EndProject
Project("{FAE04EC0-301F-11D3-BF4B-00C04F79EFBC}") = "Tyuiu.BarabashMI.Sprint3.Task3.V10.Test", "Tyuiu.BarabashMI.Sprint3.Task3.V10.Test\Tyuiu.BarabashMI.Sprint3.Task3.V10.Test.csproj", "{1C5AD284-83A9-4AC3-A460-A9095E897FF0}"
EndProject
Project("{2150E333-8FDC-42A3-9474-1A3956D46DE8}") = "Task4", "Task4", "{5839FE82-FA83-43E4-B866-44CD0B6278BA}"
EndProject
Project("{FAE04EC0-301F-11D3-BF4B-00C04F79EFBC}") = "Tyuiu.BarabashMI.Sprint3.Task4.V21", "Tyuiu.BarabashMI.Sprint3.Task4.V21\Tyuiu.BarabashMI.Sprint3.Task4.V21.csproj", "{3D07408F-56BC-471C-A656-AA5B97125CD9}"
EndProject
Project("{FAE04EC0-301F-11D3-BF4B-00C04F79EFBC}") = "Tyuiu.BarabashMI.Sprint3.Task4.V21.Lib", "Tyuiu.BarabashMI.Sprint3.Task4.V21.Lib\Tyuiu.BarabashMI.Sprint3.Task4.V21.Lib.csproj", "{5D20A52A-2DC9-49B6-80FD-C576FB052284}"
EndProject
Project("{FAE04EC0-301F-11D3-BF4B-00C04F79EFBC}") = "Tyuiu.BarabashMI.Sprint3.Task4.V21.Test", "Tyuiu.BarabashMI.Sprint3.Task4.V21.Test\Tyuiu.BarabashMI.Sprint3.Task4.V21.Test.csproj", "{5DFA0ED0-499E-42B7-8317-CCB24536F1A4}"
EndProject
Project("{2150E333-8FDC-42A3-9474-1A3956D46DE8}") = "Task5", "Task5", "{4AF32D73-5BE6-41BF-8D62-0A5759903AEF}"
EndProject
Project("{FAE04EC0-301F-11D3-BF4B-00C04F79EFBC}") = "Tyuiu.BarabashMI.Sprint3.Task5.V24", "Tyuiu.BarabashMI.Sprint3.Task5.V24\Tyuiu.BarabashMI.Sprint3.Task5.V24.csproj", "{7D99FACA-0E1A-46B8-8955-96A91862301A}"
EndProject
Project("{FAE04EC0-301F-11D3-BF4B-00C04F79EFBC}") = "Tyuiu.BarabashMI.Sprint3.Task5.V24.Lib", "Tyuiu.BarabashMI.Sprint3.Task5.V24.Lib\Tyuiu.BarabashMI.Sprint3.Task5.V24.Lib.csproj", "{A28AAFA6-0FCC-4C26-AD76-788F86224953}"
EndProject
Project("{FAE04EC0-301F-11D3-BF4B-00C04F79EFBC}") = "Tyuiu.BarabashMI.Sprint3.Task5.V24.Test", "Tyuiu.BarabashMI.Sprint3.Task5.V24.Test\Tyuiu.BarabashMI.Sprint3.Task5.V24.Test.csproj", "{7828B02E-58D2-435E-8D8D-37D5BEC75437}"
EndProject
Project("{2150E333-8FDC-42A3-9474-1A3956D46DE8}") = "Task6", "Task6", "{605C7715-D905-4701-8002-2E4098C3AFC9}"
EndProject
Project("{FAE04EC0-301F-11D3-BF4B-00C04F79EFBC}") = "Tyuiu.BarabashMI.Sprint3.Task6.V20", "Tyuiu.BarabashMI.Sprint3.Task6.V20\Tyuiu.BarabashMI.Sprint3.Task6.V20.csproj", "{467B1B72-3205-4146-8423-8C28FCB5FC9B}"
EndProject
Project("{FAE04EC0-301F-11D3-BF4B-00C04F79EFBC}") = "Tyuiu.BarabashMI.Sprint3.Task6.V20.Lib", "Tyuiu.BarabashMI.Sprint3.Task6.V20.Lib\Tyuiu.BarabashMI.Sprint3.Task6.V20.Lib.csproj", "{CFA9D6D7-1F95-4172-8325-6CF794E6CB99}"
EndProject
Project("{FAE04EC0-301F-11D3-BF4B-00C04F79EFBC}") = "Tyuiu.BarabashMI.Sprint3.Task6.V20.Test", "Tyuiu.BarabashMI.Sprint3.Task6.V20.Test\Tyuiu.BarabashMI.Sprint3.Task6.V20.Test.csproj", "{55E0F6AB-6416-4E61-BE04-D65737E86D6A}"
EndProject
Global
	GlobalSection(SolutionConfigurationPlatforms) = preSolution
		Debug|Any CPU = Debug|Any CPU
		Release|Any CPU = Release|Any CPU
	EndGlobalSection
	GlobalSection(ProjectConfigurationPlatforms) = postSolution
		{2976A3C7-79DF-4E90-864E-E833DF1406E4}.Debug|Any CPU.ActiveCfg = Debug|Any CPU
		{2976A3C7-79DF-4E90-864E-E833DF1406E4}.Debug|Any CPU.Build.0 = Debug|Any CPU
		{2976A3C7-79DF-4E90-864E-E833DF1406E4}.Release|Any CPU.ActiveCfg = Release|Any CPU
		{2976A3C7-79DF-4E90-864E-E833DF1406E4}.Release|Any CPU.Build.0 = Release|Any CPU
		{F21E1402-25C8-4AB2-881C-F5AEC4DA32A6}.Debug|Any CPU.ActiveCfg = Debug|Any CPU
		{F21E1402-25C8-4AB2-881C-F5AEC4DA32A6}.Debug|Any CPU.Build.0 = Debug|Any CPU
		{F21E1402-25C8-4AB2-881C-F5AEC4DA32A6}.Release|Any CPU.ActiveCfg = Release|Any CPU
		{F21E1402-25C8-4AB2-881C-F5AEC4DA32A6}.Release|Any CPU.Build.0 = Release|Any CPU
		{3B6C2224-044D-42C8-AEA9-467F25ED7C00}.Debug|Any CPU.ActiveCfg = Debug|Any CPU
		{3B6C2224-044D-42C8-AEA9-467F25ED7C00}.Debug|Any CPU.Build.0 = Debug|Any CPU
		{3B6C2224-044D-42C8-AEA9-467F25ED7C00}.Release|Any CPU.ActiveCfg = Release|Any CPU
		{3B6C2224-044D-42C8-AEA9-467F25ED7C00}.Release|Any CPU.Build.0 = Release|Any CPU
		{60835608-85BB-414F-A458-203A474ED9B9}.Debug|Any CPU.ActiveCfg = Debug|Any CPU
		{60835608-85BB-414F-A458-203A474ED9B9}.Debug|Any CPU.Build.0 = Debug|Any CPU
		{60835608-85BB-414F-A458-203A474ED9B9}.Release|Any CPU.ActiveCfg = Release|Any CPU
		{60835608-85BB-414F-A458-203A474ED9B9}.Release|Any CPU.Build.0 = Release|Any CPU
		{0622F0F8-854A-4F11-9FE5-6725D2D75F8D}.Debug|Any CPU.ActiveCfg = Debug|Any CPU
		{0622F0F8-854A-4F11-9FE5-6725D2D75F8D}.Debug|Any CPU.Build.0 = Debug|Any CPU
		{0622F0F8-854A-4F11-9FE5-6725D2D75F8D}.Release|Any CPU.ActiveCfg = Release|Any CPU
		{0622F0F8-854A-4F11-9FE5-6725D2D75F8D}.Release|Any CPU.Build.0 = Release|Any CPU
		{B7100480-F123-407C-9CA8-ABAE96C36606}.Debug|Any CPU.ActiveCfg = Debug|Any CPU
		{B7100480-F123-407C-9CA8-ABAE96C36606}.Debug|Any CPU.Build.0 = Debug|Any CPU
		{B7100480-F123-407C-9CA8-ABAE96C36606}.Release|Any CPU.ActiveCfg = Release|Any CPU
		{B7100480-F123-407C-9CA8-ABAE96C36606}.Release|Any CPU.Build.0 = Release|Any CPU
		{51599541-A378-407D-A2BE-E202DD9167BA}.Debug|Any CPU.ActiveCfg = Debug|Any CPU
		{51599541-A378-407D-A2BE-E202DD9167BA}.Debug|Any CPU.Build.0 = Debug|Any CPU
		{51599541-A378-407D-A2BE-E202DD9167BA}.Release|Any CPU.ActiveCfg = Release|Any CPU
		{51599541-A378-407D-A2BE-E202DD9167BA}.Release|Any CPU.Build.0 = Release|Any CPU
		{569E7A1D-4394-4B3C-82AA-8A3F6BED50A2}.Debug|Any CPU.ActiveCfg = Debug|Any CPU
		{569E7A1D-4394-4B3C-82AA-8A3F6BED50A2}.Debug|Any CPU.Build.0 = Debug|Any CPU
		{569E7A1D-4394-4B3C-82AA-8A3F6BED50A2}.Release|Any CPU.ActiveCfg = Release|Any CPU
		{569E7A1D-4394-4B3C-82AA-8A3F6BED50A2}.Release|Any CPU.Build.0 = Release|Any CPU
		{25D5783D-0FC6-437A-AEBB-6F6FEDA9AF9E}.Debug|Any CPU.ActiveCfg = Debug|Any CPU
		{25D5783D-0FC6-437A-AEBB-6F6FEDA9AF9E}.Debug|Any CPU.Build.0 = Debug|Any CPU
		{25D5783D-0FC6-437A-AEBB-6F6FEDA9AF9E}.Release|Any CPU.ActiveCfg = Release|Any CPU
		{25D5783D-0FC6-437A-AEBB-6F6FEDA9AF9E}.Release|Any CPU.Build.0 = Release|Any CPU
		{BA6A2DB5-7E15-4461-B982-F34AF35E2509}.Debug|Any CPU.ActiveCfg = Debug|Any CPU
		{BA6A2DB5-7E15-4461-B982-F34AF35E2509}.Debug|Any CPU.Build.0 = Debug|Any CPU
		{BA6A2DB5-7E15-4461-B982-F34AF35E2509}.Release|Any CPU.ActiveCfg = Release|Any CPU
		{BA6A2DB5-7E15-4461-B982-F34AF35E2509}.Release|Any CPU.Build.0 = Release|Any CPU
		{BE572535-0BBE-4E59-AE27-3A5CB7F49FAA}.Debug|Any CPU.ActiveCfg = Debug|Any CPU
		{BE572535-0BBE-4E59-AE27-3A5CB7F49FAA}.Debug|Any CPU.Build.0 = Debug|Any CPU
		{BE572535-0BBE-4E59-AE27-3A5CB7F49FAA}.Release|Any CPU.ActiveCfg = Release|Any CPU
		{BE572535-0BBE-4E59-AE27-3A5CB7F49FAA}.Release|Any CPU.Build.0 = Release|Any CPU
		{1C5AD284-83A9-4AC3-A460-A9095E897FF0}.Debug|Any CPU.ActiveCfg = Debug|Any CPU
		{1C5AD284-83A9-4AC3-A460-A9095E897FF0}.Debug|Any CPU.Build.0 = Debug|Any CPU
		{1C5AD284-83A9-4AC3-A460-A9095E897FF0}.Release|Any CPU.ActiveCfg = Release|Any CPU
		{1C5AD284-83A9-4AC3-A460-A9095E897FF0}.Release|Any CPU.Build.0 = Release|Any CPU
		{3D07408F-56BC-471C-A656-AA5B97125CD9}.Debug|Any CPU.ActiveCfg = Debug|Any CPU
		{3D07408F-56BC-471C-A656-AA5B97125CD9}.Debug|Any CPU.Build.0 = Debug|Any CPU
		{3D07408F-56BC-471C-A656-AA5B97125CD9}.Release|Any CPU.ActiveCfg = Release|Any CPU
		{3D07408F-56BC-471C-A656-AA5B97125CD9}.Release|Any CPU.Build.0 = Release|Any CPU
		{5D20A52A-2DC9-49B6-80FD-C576FB052284}.Debug|Any CPU.ActiveCfg = Debug|Any CPU
		{5D20A52A-2DC9-49B6-80FD-C576FB052284}.Debug|Any CPU.Build.0 = Debug|Any CPU
		{5D20A52A-2DC9-49B6-80FD-C576FB052284}.Release|Any CPU.ActiveCfg = Release|Any CPU
		{5D20A52A-2DC9-49B6-80FD-C576FB052284}.Release|Any CPU.Build.0 = Release|Any CPU
		{5DFA0ED0-499E-42B7-8317-CCB24536F1A4}.Debug|Any CPU.ActiveCfg = Debug|Any CPU
		{5DFA0ED0-499E-42B7-8317-CCB24536F1A4}.Debug|Any CPU.Build.0 = Debug|Any CPU
		{5DFA0ED0-499E-42B7-8317-CCB24536F1A4}.Release|Any CPU.ActiveCfg = Release|Any CPU
		{5DFA0ED0-499E-42B7-8317-CCB24536F1A4}.Release|Any CPU.Build.0 = Release|Any CPU
		{7D99FACA-0E1A-46B8-8955-96A91862301A}.Debug|Any CPU.ActiveCfg = Debug|Any CPU
		{7D99FACA-0E1A-46B8-8955-96A91862301A}.Debug|Any CPU.Build.0 = Debug|Any CPU
		{7D99FACA-0E1A-46B8-8955-96A91862301A}.Release|Any CPU.ActiveCfg = Release|Any CPU
		{7D99FACA-0E1A-46B8-8955-96A91862301A}.Release|Any CPU.Build.0 = Release|Any CPU
		{A28AAFA6-0FCC-4C26-AD76-788F86224953}.Debug|Any CPU.ActiveCfg = Debug|Any CPU
		{A28AAFA6-0FCC-4C26-AD76-788F86224953}.Debug|Any CPU.Build.0 = Debug|Any CPU
		{A28AAFA6-0FCC-4C26-AD76-788F86224953}.Release|Any CPU.ActiveCfg = Release|Any CPU
		{A28AAFA6-0FCC-4C26-AD76-788F86224953}.Release|Any CPU.Build.0 = Release|Any CPU
		{7828B02E-58D2-435E-8D8D-37D5BEC75437}.Debug|Any CPU.ActiveCfg = Debug|Any CPU
		{7828B02E-58D2-435E-8D8D-37D5BEC75437}.Debug|Any CPU.Build.0 = Debug|Any CPU
		{7828B02E-58D2-435E-8D8D-37D5BEC75437}.Release|Any CPU.ActiveCfg = Release|Any CPU
		{7828B02E-58D2-435E-8D8D-37D5BEC75437}.Release|Any CPU.Build.0 = Release|Any CPU
		{467B1B72-3205-4146-8423-8C28FCB5FC9B}.Debug|Any CPU.ActiveCfg = Debug|Any CPU
		{467B1B72-3205-4146-8423-8C28FCB5FC9B}.Debug|Any CPU.Build.0 = Debug|Any CPU
		{467B1B72-3205-4146-8423-8C28FCB5FC9B}.Release|Any CPU.ActiveCfg = Release|Any CPU
		{467B1B72-3205-4146-8423-8C28FCB5FC9B}.Release|Any CPU.Build.0 = Release|Any CPU
		{CFA9D6D7-1F95-4172-8325-6CF794E6CB99}.Debug|Any CPU.ActiveCfg = Debug|Any CPU
		{CFA9D6D7-1F95-4172-8325-6CF794E6CB99}.Debug|Any CPU.Build.0 = Debug|Any CPU
		{CFA9D6D7-1F95-4172-8325-6CF794E6CB99}.Release|Any CPU.ActiveCfg = Release|Any CPU
		{CFA9D6D7-1F95-4172-8325-6CF794E6CB99}.Release|Any CPU.Build.0 = Release|Any CPU
		{55E0F6AB-6416-4E61-BE04-D65737E86D6A}.Debug|Any CPU.ActiveCfg = Debug|Any CPU
		{55E0F6AB-6416-4E61-BE04-D65737E86D6A}.Debug|Any CPU.Build.0 = Debug|Any CPU
		{55E0F6AB-6416-4E61-BE04-D65737E86D6A}.Release|Any CPU.ActiveCfg = Release|Any CPU
		{55E0F6AB-6416-4E61-BE04-D65737E86D6A}.Release|Any CPU.Build.0 = Release|Any CPU
	EndGlobalSection
	GlobalSection(SolutionProperties) = preSolution
		HideSolutionNode = FALSE
	EndGlobalSection
	GlobalSection(NestedProjects) = preSolution
		{2976A3C7-79DF-4E90-864E-E833DF1406E4} = {36D591C7-65C7-A0D1-1CBC-10CDE441BDC8}
		{F21E1402-25C8-4AB2-881C-F5AEC4DA32A6} = {36D591C7-65C7-A0D1-1CBC-10CDE441BDC8}
		{3B6C2224-044D-42C8-AEA9-467F25ED7C00} = {36D591C7-65C7-A0D1-1CBC-10CDE441BDC8}
		{60835608-85BB-414F-A458-203A474ED9B9} = {8FA52806-8C61-4F58-AEEF-5DFC4EC51235}
		{0622F0F8-854A-4F11-9FE5-6725D2D75F8D} = {8FA52806-8C61-4F58-AEEF-5DFC4EC51235}
		{B7100480-F123-407C-9CA8-ABAE96C36606} = {8FA52806-8C61-4F58-AEEF-5DFC4EC51235}
		{51599541-A378-407D-A2BE-E202DD9167BA} = {7842CD36-C7C9-42E5-BC3A-1F0298453644}
		{569E7A1D-4394-4B3C-82AA-8A3F6BED50A2} = {7842CD36-C7C9-42E5-BC3A-1F0298453644}
		{25D5783D-0FC6-437A-AEBB-6F6FEDA9AF9E} = {7842CD36-C7C9-42E5-BC3A-1F0298453644}
		{BA6A2DB5-7E15-4461-B982-F34AF35E2509} = {8AB1EF6C-1A03-4B7C-AA88-00BFAAC676BD}
		{BE572535-0BBE-4E59-AE27-3A5CB7F49FAA} = {8AB1EF6C-1A03-4B7C-AA88-00BFAAC676BD}
		{1C5AD284-83A9-4AC3-A460-A9095E897FF0} = {8AB1EF6C-1A03-4B7C-AA88-00BFAAC676BD}
		{3D07408F-56BC-471C-A656-AA5B97125CD9} = {5839FE82-FA83-43E4-B866-44CD0B6278BA}
		{5D20A52A-2DC9-49B6-80FD-C576FB052284} = {5839FE82-FA83-43E4-B866-44CD0B6278BA}
		{5DFA0ED0-499E-42B7-8317-CCB24536F1A4} = {5839FE82-FA83-43E4-B866-44CD0B6278BA}
		{7D99FACA-0E1A-46B8-8955-96A91862301A} = {4AF32D73-5BE6-41BF-8D62-0A5759903AEF}
		{A28AAFA6-0FCC-4C26-AD76-788F86224953} = {4AF32D73-5BE6-41BF-8D62-0A5759903AEF}
		{7828B02E-58D2-435E-8D8D-37D5BEC75437} = {4AF32D73-5BE6-41BF-8D62-0A5759903AEF}
		{467B1B72-3205-4146-8423-8C28FCB5FC9B} = {605C7715-D905-4701-8002-2E4098C3AFC9}
		{CFA9D6D7-1F95-4172-8325-6CF794E6CB99} = {605C7715-D905-4701-8002-2E4098C3AFC9}
		{55E0F6AB-6416-4E61-BE04-D65737E86D6A} = {605C7715-D905-4701-8002-2E4098C3AFC9}
	EndGlobalSection
	GlobalSection(ExtensibilityGlobals) = postSolution
		SolutionGuid = {851EC0E5-1B4C-434B-9178-096CA802691C}
	EndGlobalSection
EndGlobal
